
Microsoft Visual Studio Solution File, Format Version 12.00
# Visual Studio Version 17
VisualStudioVersion = 17.5.33414.496
MinimumVisualStudioVersion = 10.0.40219.1
Project("{FAE04EC0-301F-11D3-BF4B-00C04F79EFBC}") = "Semestralni_prace-Silovy_trojboj", "Semestralni_prace-Silovy_trojboj.csproj", "{387E2B9F-F4DF-46DD-85A8-A0BD31305C51}"
EndProject
Global
	GlobalSection(SolutionConfigurationPlatforms) = preSolution
		Debug|Any CPU = Debug|Any CPU
		Release|Any CPU = Release|Any CPU
	EndGlobalSection
	GlobalSection(ProjectConfigurationPlatforms) = postSolution
		{387E2B9F-F4DF-46DD-85A8-A0BD31305C51}.Debug|Any CPU.ActiveCfg = Debug|Any CPU
		{387E2B9F-F4DF-46DD-85A8-A0BD31305C51}.Debug|Any CPU.Build.0 = Debug|Any CPU
		{387E2B9F-F4DF-46DD-85A8-A0BD31305C51}.Release|Any CPU.ActiveCfg = Release|Any CPU
		{387E2B9F-F4DF-46DD-85A8-A0BD31305C51}.Release|Any CPU.Build.0 = Release|Any CPU
	EndGlobalSection
	GlobalSection(SolutionProperties) = preSolution
		HideSolutionNode = FALSE
	EndGlobalSection
	GlobalSection(ExtensibilityGlobals) = postSolution
		SolutionGuid = {D421F33F-5D0E-4516-8973-66133FE76A8A}
	EndGlobalSection
EndGlobal
